// !$*UTF8*$!
{
	archiveVersion = 1;
	classes = {
	};
	objectVersion = 46;
	objects = {

/* Begin PBXBuildFile section */
		12580617167BA02B00E66C7A /* OKProgressView.m in Sources */ = {isa = PBXBuildFile; fileRef = 12580616167BA02B00E66C7A /* OKProgressView.m */; };
		1258061B167BA03E00E66C7A /* progress-bg.png in Resources */ = {isa = PBXBuildFile; fileRef = 1258061A167BA03E00E66C7A /* progress-bg.png */; };
		1258061D167BA04500E66C7A /* progress-bg@2x.png in Resources */ = {isa = PBXBuildFile; fileRef = 1258061C167BA04500E66C7A /* progress-bg@2x.png */; };
		1258061F167BA04A00E66C7A /* progress-fill.png in Resources */ = {isa = PBXBuildFile; fileRef = 1258061E167BA04A00E66C7A /* progress-fill.png */; };
		12580621167BA04E00E66C7A /* progress-fill@2x.png in Resources */ = {isa = PBXBuildFile; fileRef = 12580620167BA04E00E66C7A /* progress-fill@2x.png */; };
		12580625167BB38400E66C7A /* 8-BIT WONDER.TTF in Resources */ = {isa = PBXBuildFile; fileRef = 12580622167BB13A00E66C7A /* 8-BIT WONDER.TTF */; };
		1263C99E167BEB06008211B1 /* fanfare.mp3 in Resources */ = {isa = PBXBuildFile; fileRef = 1263C99D167BEB06008211B1 /* fanfare.mp3 */; };
		12864C4C16792CF300277842 /* game_background@2x.png in Resources */ = {isa = PBXBuildFile; fileRef = 12864C4B16792CF300277842 /* game_background@2x.png */; };
		3E4BF9351650329900CCE00C /* Default-568h@2x.png in Resources */ = {isa = PBXBuildFile; fileRef = 3E4BF9341650329900CCE00C /* Default-568h@2x.png */; };
		3EC667641660FE7100974613 /* breakblock.mp3 in Resources */ = {isa = PBXBuildFile; fileRef = 3EC667571660FE7100974613 /* breakblock.mp3 */; };
		3EC667651660FE7100974613 /* coin.mp3 in Resources */ = {isa = PBXBuildFile; fileRef = 3EC667581660FE7100974613 /* coin.mp3 */; };
		3EC667661660FE7100974613 /* flagpole.mp3 in Resources */ = {isa = PBXBuildFile; fileRef = 3EC667591660FE7100974613 /* flagpole.mp3 */; };
		3EC667671660FE7100974613 /* gameover.mp3 in Resources */ = {isa = PBXBuildFile; fileRef = 3EC6675A1660FE7100974613 /* gameover.mp3 */; };
		3EC667681660FE7100974613 /* jumpsmall.mp3 in Resources */ = {isa = PBXBuildFile; fileRef = 3EC6675B1660FE7100974613 /* jumpsmall.mp3 */; };
		3EC667691660FE7100974613 /* kick.mp3 in Resources */ = {isa = PBXBuildFile; fileRef = 3EC6675C1660FE7100974613 /* kick.mp3 */; };
		3EC6676A1660FE7100974613 /* mariodie.mp3 in Resources */ = {isa = PBXBuildFile; fileRef = 3EC6675D1660FE7100974613 /* mariodie.mp3 */; };
		3EC6676B1660FE7100974613 /* music.mp3 in Resources */ = {isa = PBXBuildFile; fileRef = 3EC6675E1660FE7100974613 /* music.mp3 */; };
		3EC6676C1660FE7100974613 /* pipe.mp3 in Resources */ = {isa = PBXBuildFile; fileRef = 3EC6675F1660FE7100974613 /* pipe.mp3 */; };
		3EC6676D1660FE7100974613 /* stage_clear.mp3 in Resources */ = {isa = PBXBuildFile; fileRef = 3EC667601660FE7100974613 /* stage_clear.mp3 */; };
		3EC6676E1660FE7100974613 /* stomp.mp3 in Resources */ = {isa = PBXBuildFile; fileRef = 3EC667611660FE7100974613 /* stomp.mp3 */; };
		3EC6676F1660FE7100974613 /* vine.mp3 in Resources */ = {isa = PBXBuildFile; fileRef = 3EC667621660FE7100974613 /* vine.mp3 */; };
		3EC667701660FE7100974613 /* warning.mp3 in Resources */ = {isa = PBXBuildFile; fileRef = 3EC667631660FE7100974613 /* warning.mp3 */; };
		3EC667731660FE9400974613 /* OKGameSound.m in Sources */ = {isa = PBXBuildFile; fileRef = 3EC667721660FE9400974613 /* OKGameSound.m */; };
		3EFFBF11165ED24E005A448F /* AVFoundation.framework in Frameworks */ = {isa = PBXBuildFile; fileRef = 3EFFBF10165ED24E005A448F /* AVFoundation.framework */; };
		88146FF7166B91F3007553FE /* OKMainMenuViewController.m in Sources */ = {isa = PBXBuildFile; fileRef = 88146FF6166B91F3007553FE /* OKMainMenuViewController.m */; };
		88146FFB166BC3B0007553FE /* OKScoresViewController.m in Sources */ = {isa = PBXBuildFile; fileRef = 88146FFA166BC3B0007553FE /* OKScoresViewController.m */; };
		88B3B7C8167C84B3000894B9 /* OKAlertView.m in Sources */ = {isa = PBXBuildFile; fileRef = 88B3B7C6167C8460000894B9 /* OKAlertView.m */; };
		88B3B7CA167C871D000894B9 /* alert-bg@2x.png in Resources */ = {isa = PBXBuildFile; fileRef = 88B3B7C9167C871D000894B9 /* alert-bg@2x.png */; };
		88B3B7CD167C8978000894B9 /* alert-button-normal@2x.png in Resources */ = {isa = PBXBuildFile; fileRef = 88B3B7CB167C8977000894B9 /* alert-button-normal@2x.png */; };
		88B3B7D1167C8F50000894B9 /* alert-bg.png in Resources */ = {isa = PBXBuildFile; fileRef = 88B3B7CF167C8F50000894B9 /* alert-bg.png */; };
		88B3B7D2167C8F50000894B9 /* alert-button-normal.png in Resources */ = {isa = PBXBuildFile; fileRef = 88B3B7D0167C8F50000894B9 /* alert-button-normal.png */; };
		88B3B7D4167C90AD000894B9 /* MediaPlayer.framework in Frameworks */ = {isa = PBXBuildFile; fileRef = 88B3B7D3167C90AD000894B9 /* MediaPlayer.framework */; };
		88B3B7D6167C913E000894B9 /* Clip.mov in Resources */ = {isa = PBXBuildFile; fileRef = 88B3B7D5167C913D000894B9 /* Clip.mov */; };
		88B3B7D9167C92D6000894B9 /* OKMovieViewController.m in Sources */ = {isa = PBXBuildFile; fileRef = 88B3B7D8167C92D6000894B9 /* OKMovieViewController.m */; };
		88B3B7DC167CC091000894B9 /* howto.png in Resources */ = {isa = PBXBuildFile; fileRef = 88B3B7DA167CC090000894B9 /* howto.png */; };
		88B3B7DD167CC091000894B9 /* howto@2x.png in Resources */ = {isa = PBXBuildFile; fileRef = 88B3B7DB167CC091000894B9 /* howto@2x.png */; };
		88B3B7E2167CC0D4000894B9 /* OKHowToViewController.m in Sources */ = {isa = PBXBuildFile; fileRef = 88B3B7E1167CC0D3000894B9 /* OKHowToViewController.m */; };
		88D3BB341632A4F600935CDF /* UIKit.framework in Frameworks */ = {isa = PBXBuildFile; fileRef = 88D3BB331632A4F600935CDF /* UIKit.framework */; };
		88D3BB361632A4F600935CDF /* Foundation.framework in Frameworks */ = {isa = PBXBuildFile; fileRef = 88D3BB351632A4F600935CDF /* Foundation.framework */; };
		88D3BB381632A4F600935CDF /* CoreGraphics.framework in Frameworks */ = {isa = PBXBuildFile; fileRef = 88D3BB371632A4F600935CDF /* CoreGraphics.framework */; };
		88D3BB3E1632A4F600935CDF /* InfoPlist.strings in Resources */ = {isa = PBXBuildFile; fileRef = 88D3BB3C1632A4F600935CDF /* InfoPlist.strings */; };
		88D3BB401632A4F600935CDF /* main.m in Sources */ = {isa = PBXBuildFile; fileRef = 88D3BB3F1632A4F600935CDF /* main.m */; };
		88D3BB511632A55A00935CDF /* OKAppDelegate.m in Sources */ = {isa = PBXBuildFile; fileRef = 88D3BB4E1632A55A00935CDF /* OKAppDelegate.m */; };
		88D3BB541632A58300935CDF /* OKUserView.m in Sources */ = {isa = PBXBuildFile; fileRef = 88D3BB531632A58300935CDF /* OKUserView.m */; };
		88D3BB571632A5EB00935CDF /* OKUser.m in Sources */ = {isa = PBXBuildFile; fileRef = 88D3BB561632A5EB00935CDF /* OKUser.m */; };
		88D3BB5A1632A6C800935CDF /* OKTask.m in Sources */ = {isa = PBXBuildFile; fileRef = 88D3BB591632A6C800935CDF /* OKTask.m */; };
		88D3BB611632B44F00935CDF /* OKGameProperties.m in Sources */ = {isa = PBXBuildFile; fileRef = 88D3BB601632B44F00935CDF /* OKGameProperties.m */; };
		88D3BB641632CD2F00935CDF /* OKGameViewController.m in Sources */ = {isa = PBXBuildFile; fileRef = 88D3BB631632CD2F00935CDF /* OKGameViewController.m */; };
		88D3BB6716330AD500935CDF /* OKRicView.m in Sources */ = {isa = PBXBuildFile; fileRef = 88D3BB6616330AD500935CDF /* OKRicView.m */; };
		88D3BB6C16331D5900935CDF /* jira.png in Resources */ = {isa = PBXBuildFile; fileRef = 88D3BB6916331D5900935CDF /* jira.png */; };
		88D3BB6D16331D5900935CDF /* jira@2x.png in Resources */ = {isa = PBXBuildFile; fileRef = 88D3BB6A16331D5900935CDF /* jira@2x.png */; };
		88D3BB6E16331D5900935CDF /* logo_jira_blue.png in Resources */ = {isa = PBXBuildFile; fileRef = 88D3BB6B16331D5900935CDF /* logo_jira_blue.png */; };
/* End PBXBuildFile section */

/* Begin PBXFileReference section */
		12580616167BA02B00E66C7A /* OKProgressView.m */ = {isa = PBXFileReference; fileEncoding = 4; lastKnownFileType = sourcecode.c.objc; path = OKProgressView.m; sourceTree = "<group>"; };
		12580619167BA03200E66C7A /* OKProgressView.h */ = {isa = PBXFileReference; lastKnownFileType = sourcecode.c.h; path = OKProgressView.h; sourceTree = "<group>"; };
		1258061A167BA03E00E66C7A /* progress-bg.png */ = {isa = PBXFileReference; lastKnownFileType = image.png; path = "progress-bg.png"; sourceTree = "<group>"; };
		1258061C167BA04500E66C7A /* progress-bg@2x.png */ = {isa = PBXFileReference; lastKnownFileType = image.png; path = "progress-bg@2x.png"; sourceTree = "<group>"; };
		1258061E167BA04A00E66C7A /* progress-fill.png */ = {isa = PBXFileReference; lastKnownFileType = image.png; path = "progress-fill.png"; sourceTree = "<group>"; };
		12580620167BA04E00E66C7A /* progress-fill@2x.png */ = {isa = PBXFileReference; lastKnownFileType = image.png; path = "progress-fill@2x.png"; sourceTree = "<group>"; };
		12580622167BB13A00E66C7A /* 8-BIT WONDER.TTF */ = {isa = PBXFileReference; lastKnownFileType = file; path = "8-BIT WONDER.TTF"; sourceTree = "<group>"; };
		1263C99D167BEB06008211B1 /* fanfare.mp3 */ = {isa = PBXFileReference; lastKnownFileType = audio.mp3; path = fanfare.mp3; sourceTree = "<group>"; };
		12864C4B16792CF300277842 /* game_background@2x.png */ = {isa = PBXFileReference; lastKnownFileType = image.png; path = "game_background@2x.png"; sourceTree = "<group>"; };
		3E4BF9341650329900CCE00C /* Default-568h@2x.png */ = {isa = PBXFileReference; lastKnownFileType = image.png; path = "Default-568h@2x.png"; sourceTree = "<group>"; };
		3EC667571660FE7100974613 /* breakblock.mp3 */ = {isa = PBXFileReference; lastKnownFileType = audio.mp3; path = breakblock.mp3; sourceTree = "<group>"; };
		3EC667581660FE7100974613 /* coin.mp3 */ = {isa = PBXFileReference; lastKnownFileType = audio.mp3; path = coin.mp3; sourceTree = "<group>"; };
		3EC667591660FE7100974613 /* flagpole.mp3 */ = {isa = PBXFileReference; lastKnownFileType = audio.mp3; path = flagpole.mp3; sourceTree = "<group>"; };
		3EC6675A1660FE7100974613 /* gameover.mp3 */ = {isa = PBXFileReference; lastKnownFileType = audio.mp3; path = gameover.mp3; sourceTree = "<group>"; };
		3EC6675B1660FE7100974613 /* jumpsmall.mp3 */ = {isa = PBXFileReference; lastKnownFileType = audio.mp3; path = jumpsmall.mp3; sourceTree = "<group>"; };
		3EC6675C1660FE7100974613 /* kick.mp3 */ = {isa = PBXFileReference; lastKnownFileType = audio.mp3; path = kick.mp3; sourceTree = "<group>"; };
		3EC6675D1660FE7100974613 /* mariodie.mp3 */ = {isa = PBXFileReference; lastKnownFileType = audio.mp3; path = mariodie.mp3; sourceTree = "<group>"; };
		3EC6675E1660FE7100974613 /* music.mp3 */ = {isa = PBXFileReference; lastKnownFileType = audio.mp3; path = music.mp3; sourceTree = "<group>"; };
		3EC6675F1660FE7100974613 /* pipe.mp3 */ = {isa = PBXFileReference; lastKnownFileType = audio.mp3; path = pipe.mp3; sourceTree = "<group>"; };
		3EC667601660FE7100974613 /* stage_clear.mp3 */ = {isa = PBXFileReference; lastKnownFileType = audio.mp3; path = stage_clear.mp3; sourceTree = "<group>"; };
		3EC667611660FE7100974613 /* stomp.mp3 */ = {isa = PBXFileReference; lastKnownFileType = audio.mp3; path = stomp.mp3; sourceTree = "<group>"; };
		3EC667621660FE7100974613 /* vine.mp3 */ = {isa = PBXFileReference; lastKnownFileType = audio.mp3; path = vine.mp3; sourceTree = "<group>"; };
		3EC667631660FE7100974613 /* warning.mp3 */ = {isa = PBXFileReference; lastKnownFileType = audio.mp3; path = warning.mp3; sourceTree = "<group>"; };
		3EC667711660FE9400974613 /* OKGameSound.h */ = {isa = PBXFileReference; fileEncoding = 4; lastKnownFileType = sourcecode.c.h; path = OKGameSound.h; sourceTree = "<group>"; };
		3EC667721660FE9400974613 /* OKGameSound.m */ = {isa = PBXFileReference; fileEncoding = 4; lastKnownFileType = sourcecode.c.objc; path = OKGameSound.m; sourceTree = "<group>"; };
		3EFFBF10165ED24E005A448F /* AVFoundation.framework */ = {isa = PBXFileReference; lastKnownFileType = wrapper.framework; name = AVFoundation.framework; path = System/Library/Frameworks/AVFoundation.framework; sourceTree = SDKROOT; };
		88146FF5166B91F3007553FE /* OKMainMenuViewController.h */ = {isa = PBXFileReference; fileEncoding = 4; lastKnownFileType = sourcecode.c.h; path = OKMainMenuViewController.h; sourceTree = "<group>"; };
		88146FF6166B91F3007553FE /* OKMainMenuViewController.m */ = {isa = PBXFileReference; fileEncoding = 4; lastKnownFileType = sourcecode.c.objc; path = OKMainMenuViewController.m; sourceTree = "<group>"; };
		88146FF9166BC3B0007553FE /* OKScoresViewController.h */ = {isa = PBXFileReference; fileEncoding = 4; lastKnownFileType = sourcecode.c.h; path = OKScoresViewController.h; sourceTree = "<group>"; };
		88146FFA166BC3B0007553FE /* OKScoresViewController.m */ = {isa = PBXFileReference; fileEncoding = 4; lastKnownFileType = sourcecode.c.objc; path = OKScoresViewController.m; sourceTree = "<group>"; };
		88B3B7C5167C8460000894B9 /* OKAlertView.h */ = {isa = PBXFileReference; lastKnownFileType = sourcecode.c.h; path = OKAlertView.h; sourceTree = "<group>"; };
		88B3B7C6167C8460000894B9 /* OKAlertView.m */ = {isa = PBXFileReference; lastKnownFileType = sourcecode.c.objc; path = OKAlertView.m; sourceTree = "<group>"; };
		88B3B7C9167C871D000894B9 /* alert-bg@2x.png */ = {isa = PBXFileReference; lastKnownFileType = image.png; path = "alert-bg@2x.png"; sourceTree = "<group>"; };
		88B3B7CB167C8977000894B9 /* alert-button-normal@2x.png */ = {isa = PBXFileReference; lastKnownFileType = image.png; path = "alert-button-normal@2x.png"; sourceTree = "<group>"; };
		88B3B7CF167C8F50000894B9 /* alert-bg.png */ = {isa = PBXFileReference; lastKnownFileType = image.png; path = "alert-bg.png"; sourceTree = "<group>"; };
		88B3B7D0167C8F50000894B9 /* alert-button-normal.png */ = {isa = PBXFileReference; lastKnownFileType = image.png; path = "alert-button-normal.png"; sourceTree = "<group>"; };
		88B3B7D3167C90AD000894B9 /* MediaPlayer.framework */ = {isa = PBXFileReference; lastKnownFileType = wrapper.framework; name = MediaPlayer.framework; path = System/Library/Frameworks/MediaPlayer.framework; sourceTree = SDKROOT; };
		88B3B7D5167C913D000894B9 /* Clip.mov */ = {isa = PBXFileReference; lastKnownFileType = video.quicktime; path = Clip.mov; sourceTree = "<group>"; };
		88B3B7D7167C92D6000894B9 /* OKMovieViewController.h */ = {isa = PBXFileReference; fileEncoding = 4; lastKnownFileType = sourcecode.c.h; path = OKMovieViewController.h; sourceTree = "<group>"; };
		88B3B7D8167C92D6000894B9 /* OKMovieViewController.m */ = {isa = PBXFileReference; fileEncoding = 4; lastKnownFileType = sourcecode.c.objc; path = OKMovieViewController.m; sourceTree = "<group>"; };
		88B3B7DA167CC090000894B9 /* howto.png */ = {isa = PBXFileReference; lastKnownFileType = image.png; path = howto.png; sourceTree = "<group>"; };
		88B3B7DB167CC091000894B9 /* howto@2x.png */ = {isa = PBXFileReference; lastKnownFileType = image.png; path = "howto@2x.png"; sourceTree = "<group>"; };
		88B3B7E0167CC0D3000894B9 /* OKHowToViewController.h */ = {isa = PBXFileReference; fileEncoding = 4; lastKnownFileType = sourcecode.c.h; path = OKHowToViewController.h; sourceTree = "<group>"; };
		88B3B7E1167CC0D3000894B9 /* OKHowToViewController.m */ = {isa = PBXFileReference; fileEncoding = 4; lastKnownFileType = sourcecode.c.objc; path = OKHowToViewController.m; sourceTree = "<group>"; };
		88D3BB2F1632A4F600935CDF /* iRicardo.app */ = {isa = PBXFileReference; explicitFileType = wrapper.application; includeInIndex = 0; path = iRicardo.app; sourceTree = BUILT_PRODUCTS_DIR; };
		88D3BB331632A4F600935CDF /* UIKit.framework */ = {isa = PBXFileReference; lastKnownFileType = wrapper.framework; name = UIKit.framework; path = System/Library/Frameworks/UIKit.framework; sourceTree = SDKROOT; };
		88D3BB351632A4F600935CDF /* Foundation.framework */ = {isa = PBXFileReference; lastKnownFileType = wrapper.framework; name = Foundation.framework; path = System/Library/Frameworks/Foundation.framework; sourceTree = SDKROOT; };
		88D3BB371632A4F600935CDF /* CoreGraphics.framework */ = {isa = PBXFileReference; lastKnownFileType = wrapper.framework; name = CoreGraphics.framework; path = System/Library/Frameworks/CoreGraphics.framework; sourceTree = SDKROOT; };
		88D3BB3B1632A4F600935CDF /* iRicardo-Info.plist */ = {isa = PBXFileReference; lastKnownFileType = text.plist.xml; path = "iRicardo-Info.plist"; sourceTree = "<group>"; };
		88D3BB3D1632A4F600935CDF /* en */ = {isa = PBXFileReference; lastKnownFileType = text.plist.strings; name = en; path = en.lproj/InfoPlist.strings; sourceTree = "<group>"; };
		88D3BB3F1632A4F600935CDF /* main.m */ = {isa = PBXFileReference; lastKnownFileType = sourcecode.c.objc; path = main.m; sourceTree = "<group>"; };
		88D3BB411632A4F600935CDF /* iRicardo-Prefix.pch */ = {isa = PBXFileReference; lastKnownFileType = sourcecode.c.h; path = "iRicardo-Prefix.pch"; sourceTree = "<group>"; };
		88D3BB4D1632A55A00935CDF /* OKAppDelegate.h */ = {isa = PBXFileReference; fileEncoding = 4; lastKnownFileType = sourcecode.c.h; path = OKAppDelegate.h; sourceTree = "<group>"; };
		88D3BB4E1632A55A00935CDF /* OKAppDelegate.m */ = {isa = PBXFileReference; fileEncoding = 4; lastKnownFileType = sourcecode.c.objc; path = OKAppDelegate.m; sourceTree = "<group>"; };
		88D3BB521632A58300935CDF /* OKUserView.h */ = {isa = PBXFileReference; fileEncoding = 4; lastKnownFileType = sourcecode.c.h; path = OKUserView.h; sourceTree = "<group>"; };
		88D3BB531632A58300935CDF /* OKUserView.m */ = {isa = PBXFileReference; fileEncoding = 4; lastKnownFileType = sourcecode.c.objc; path = OKUserView.m; sourceTree = "<group>"; };
		88D3BB551632A5EB00935CDF /* OKUser.h */ = {isa = PBXFileReference; fileEncoding = 4; lastKnownFileType = sourcecode.c.h; path = OKUser.h; sourceTree = "<group>"; };
		88D3BB561632A5EB00935CDF /* OKUser.m */ = {isa = PBXFileReference; fileEncoding = 4; lastKnownFileType = sourcecode.c.objc; path = OKUser.m; sourceTree = "<group>"; };
		88D3BB581632A6C800935CDF /* OKTask.h */ = {isa = PBXFileReference; fileEncoding = 4; lastKnownFileType = sourcecode.c.h; path = OKTask.h; sourceTree = "<group>"; };
		88D3BB591632A6C800935CDF /* OKTask.m */ = {isa = PBXFileReference; fileEncoding = 4; lastKnownFileType = sourcecode.c.objc; path = OKTask.m; sourceTree = "<group>"; };
		88D3BB5F1632B44F00935CDF /* OKGameProperties.h */ = {isa = PBXFileReference; fileEncoding = 4; lastKnownFileType = sourcecode.c.h; path = OKGameProperties.h; sourceTree = "<group>"; };
		88D3BB601632B44F00935CDF /* OKGameProperties.m */ = {isa = PBXFileReference; fileEncoding = 4; lastKnownFileType = sourcecode.c.objc; path = OKGameProperties.m; sourceTree = "<group>"; };
		88D3BB621632CD2F00935CDF /* OKGameViewController.h */ = {isa = PBXFileReference; fileEncoding = 4; lastKnownFileType = sourcecode.c.h; path = OKGameViewController.h; sourceTree = "<group>"; };
		88D3BB631632CD2F00935CDF /* OKGameViewController.m */ = {isa = PBXFileReference; fileEncoding = 4; lastKnownFileType = sourcecode.c.objc; path = OKGameViewController.m; sourceTree = "<group>"; };
		88D3BB6516330AD500935CDF /* OKRicView.h */ = {isa = PBXFileReference; fileEncoding = 4; lastKnownFileType = sourcecode.c.h; path = OKRicView.h; sourceTree = "<group>"; };
		88D3BB6616330AD500935CDF /* OKRicView.m */ = {isa = PBXFileReference; fileEncoding = 4; lastKnownFileType = sourcecode.c.objc; path = OKRicView.m; sourceTree = "<group>"; };
		88D3BB6916331D5900935CDF /* jira.png */ = {isa = PBXFileReference; lastKnownFileType = image.png; path = jira.png; sourceTree = "<group>"; };
		88D3BB6A16331D5900935CDF /* jira@2x.png */ = {isa = PBXFileReference; lastKnownFileType = image.png; path = "jira@2x.png"; sourceTree = "<group>"; };
		88D3BB6B16331D5900935CDF /* logo_jira_blue.png */ = {isa = PBXFileReference; lastKnownFileType = image.png; path = logo_jira_blue.png; sourceTree = "<group>"; };
/* End PBXFileReference section */

/* Begin PBXFrameworksBuildPhase section */
		88D3BB2C1632A4F500935CDF /* Frameworks */ = {
			isa = PBXFrameworksBuildPhase;
			buildActionMask = 2147483647;
			files = (
				88B3B7D4167C90AD000894B9 /* MediaPlayer.framework in Frameworks */,
				3EFFBF11165ED24E005A448F /* AVFoundation.framework in Frameworks */,
				88D3BB341632A4F600935CDF /* UIKit.framework in Frameworks */,
				88D3BB361632A4F600935CDF /* Foundation.framework in Frameworks */,
				88D3BB381632A4F600935CDF /* CoreGraphics.framework in Frameworks */,
			);
			runOnlyForDeploymentPostprocessing = 0;
		};
/* End PBXFrameworksBuildPhase section */

/* Begin PBXGroup section */
		3EC667561660FE7100974613 /* sound */ = {
			isa = PBXGroup;
			children = (
				1263C99D167BEB06008211B1 /* fanfare.mp3 */,
				3EC667571660FE7100974613 /* breakblock.mp3 */,
				3EC667581660FE7100974613 /* coin.mp3 */,
				3EC667591660FE7100974613 /* flagpole.mp3 */,
				3EC6675A1660FE7100974613 /* gameover.mp3 */,
				3EC6675B1660FE7100974613 /* jumpsmall.mp3 */,
				3EC6675C1660FE7100974613 /* kick.mp3 */,
				3EC6675D1660FE7100974613 /* mariodie.mp3 */,
				3EC6675E1660FE7100974613 /* music.mp3 */,
				3EC6675F1660FE7100974613 /* pipe.mp3 */,
				3EC667601660FE7100974613 /* stage_clear.mp3 */,
				3EC667611660FE7100974613 /* stomp.mp3 */,
				3EC667621660FE7100974613 /* vine.mp3 */,
				3EC667631660FE7100974613 /* warning.mp3 */,
			);
			path = sound;
			sourceTree = "<group>";
		};
		88B3B7DE167CC094000894B9 /* images */ = {
			isa = PBXGroup;
			children = (
				88B3B7DA167CC090000894B9 /* howto.png */,
				88B3B7DB167CC091000894B9 /* howto@2x.png */,
				88B3B7CF167C8F50000894B9 /* alert-bg.png */,
				88B3B7C9167C871D000894B9 /* alert-bg@2x.png */,
				88B3B7D0167C8F50000894B9 /* alert-button-normal.png */,
				88B3B7CB167C8977000894B9 /* alert-button-normal@2x.png */,
				1258061A167BA03E00E66C7A /* progress-bg.png */,
				1258061C167BA04500E66C7A /* progress-bg@2x.png */,
				1258061E167BA04A00E66C7A /* progress-fill.png */,
				12580620167BA04E00E66C7A /* progress-fill@2x.png */,
				12864C4B16792CF300277842 /* game_background@2x.png */,
				88D3BB6916331D5900935CDF /* jira.png */,
				88D3BB6A16331D5900935CDF /* jira@2x.png */,
				88D3BB6B16331D5900935CDF /* logo_jira_blue.png */,
			);
			name = images;
			sourceTree = "<group>";
		};
		88B3B7DF167CC0AE000894B9 /* others */ = {
			isa = PBXGroup;
			children = (
				88B3B7D5167C913D000894B9 /* Clip.mov */,
				12580622167BB13A00E66C7A /* 8-BIT WONDER.TTF */,
			);
			name = others;
			sourceTree = "<group>";
		};
		88D3BB241632A4F500935CDF = {
			isa = PBXGroup;
			children = (
				3E4BF9341650329900CCE00C /* Default-568h@2x.png */,
				88D3BB391632A4F600935CDF /* iRicardo */,
				88D3BB321632A4F600935CDF /* Frameworks */,
				88D3BB301632A4F600935CDF /* Products */,
			);
			sourceTree = "<group>";
		};
		88D3BB301632A4F600935CDF /* Products */ = {
			isa = PBXGroup;
			children = (
				88D3BB2F1632A4F600935CDF /* iRicardo.app */,
			);
			name = Products;
			sourceTree = "<group>";
		};
		88D3BB321632A4F600935CDF /* Frameworks */ = {
			isa = PBXGroup;
			children = (
				88B3B7D3167C90AD000894B9 /* MediaPlayer.framework */,
				3EFFBF10165ED24E005A448F /* AVFoundation.framework */,
				88D3BB331632A4F600935CDF /* UIKit.framework */,
				88D3BB351632A4F600935CDF /* Foundation.framework */,
				88D3BB371632A4F600935CDF /* CoreGraphics.framework */,
			);
			name = Frameworks;
			sourceTree = "<group>";
		};
		88D3BB391632A4F600935CDF /* iRicardo */ = {
			isa = PBXGroup;
			children = (
				88D3BB6816331D5900935CDF /* Resources */,
				88D3BB4A1632A55A00935CDF /* Source */,
				88D3BB3A1632A4F600935CDF /* Supporting Files */,
			);
			path = iRicardo;
			sourceTree = "<group>";
		};
		88D3BB3A1632A4F600935CDF /* Supporting Files */ = {
			isa = PBXGroup;
			children = (
				88D3BB3B1632A4F600935CDF /* iRicardo-Info.plist */,
				88D3BB3C1632A4F600935CDF /* InfoPlist.strings */,
				88D3BB3F1632A4F600935CDF /* main.m */,
				88D3BB411632A4F600935CDF /* iRicardo-Prefix.pch */,
			);
			name = "Supporting Files";
			sourceTree = "<group>";
		};
		88D3BB4A1632A55A00935CDF /* Source */ = {
			isa = PBXGroup;
			children = (
				88D3BB4B1632A55A00935CDF /* Controller */,
				88D3BB4C1632A55A00935CDF /* Main */,
				88D3BB4F1632A55A00935CDF /* Model */,
				88D3BB501632A55A00935CDF /* View */,
			);
			path = Source;
			sourceTree = "<group>";
		};
		88D3BB4B1632A55A00935CDF /* Controller */ = {
			isa = PBXGroup;
			children = (
				88D3BB621632CD2F00935CDF /* OKGameViewController.h */,
				88D3BB631632CD2F00935CDF /* OKGameViewController.m */,
				88146FF5166B91F3007553FE /* OKMainMenuViewController.h */,
				88146FF6166B91F3007553FE /* OKMainMenuViewController.m */,
				88146FF9166BC3B0007553FE /* OKScoresViewController.h */,
				88146FFA166BC3B0007553FE /* OKScoresViewController.m */,
				88B3B7D7167C92D6000894B9 /* OKMovieViewController.h */,
				88B3B7D8167C92D6000894B9 /* OKMovieViewController.m */,
				88B3B7E0167CC0D3000894B9 /* OKHowToViewController.h */,
				88B3B7E1167CC0D3000894B9 /* OKHowToViewController.m */,
			);
			path = Controller;
			sourceTree = "<group>";
		};
		88D3BB4C1632A55A00935CDF /* Main */ = {
			isa = PBXGroup;
			children = (
				88D3BB4D1632A55A00935CDF /* OKAppDelegate.h */,
				88D3BB4E1632A55A00935CDF /* OKAppDelegate.m */,
				88D3BB5F1632B44F00935CDF /* OKGameProperties.h */,
				88D3BB601632B44F00935CDF /* OKGameProperties.m */,
				3EC667711660FE9400974613 /* OKGameSound.h */,
				3EC667721660FE9400974613 /* OKGameSound.m */,
			);
			path = Main;
			sourceTree = "<group>";
		};
		88D3BB4F1632A55A00935CDF /* Model */ = {
			isa = PBXGroup;
			children = (
				88D3BB551632A5EB00935CDF /* OKUser.h */,
				88D3BB561632A5EB00935CDF /* OKUser.m */,
				88D3BB581632A6C800935CDF /* OKTask.h */,
				88D3BB591632A6C800935CDF /* OKTask.m */,
			);
			path = Model;
			sourceTree = "<group>";
		};
		88D3BB501632A55A00935CDF /* View */ = {
			isa = PBXGroup;
			children = (
				88B3B7C5167C8460000894B9 /* OKAlertView.h */,
				88B3B7C6167C8460000894B9 /* OKAlertView.m */,
				12580619167BA03200E66C7A /* OKProgressView.h */,
				12580616167BA02B00E66C7A /* OKProgressView.m */,
				88D3BB521632A58300935CDF /* OKUserView.h */,
				88D3BB531632A58300935CDF /* OKUserView.m */,
				88D3BB6516330AD500935CDF /* OKRicView.h */,
				88D3BB6616330AD500935CDF /* OKRicView.m */,
			);
			path = View;
			sourceTree = "<group>";
		};
		88D3BB6816331D5900935CDF /* Resources */ = {
			isa = PBXGroup;
			children = (
				88B3B7DF167CC0AE000894B9 /* others */,
				88B3B7DE167CC094000894B9 /* images */,
				3EC667561660FE7100974613 /* sound */,
			);
			path = Resources;
			sourceTree = "<group>";
		};
/* End PBXGroup section */

/* Begin PBXNativeTarget section */
		88D3BB2E1632A4F500935CDF /* iRicardo */ = {
			isa = PBXNativeTarget;
			buildConfigurationList = 88D3BB471632A4F600935CDF /* Build configuration list for PBXNativeTarget "iRicardo" */;
			buildPhases = (
				88D3BB2B1632A4F500935CDF /* Sources */,
				88D3BB2C1632A4F500935CDF /* Frameworks */,
				88D3BB2D1632A4F500935CDF /* Resources */,
			);
			buildRules = (
			);
			dependencies = (
			);
			name = iRicardo;
			productName = iRicardo;
			productReference = 88D3BB2F1632A4F600935CDF /* iRicardo.app */;
			productType = "com.apple.product-type.application";
		};
/* End PBXNativeTarget section */

/* Begin PBXProject section */
		88D3BB261632A4F500935CDF /* Project object */ = {
			isa = PBXProject;
			attributes = {
				CLASSPREFIX = OK;
				LastUpgradeCheck = 0440;
				ORGANIZATIONNAME = "Daniel Soro Coicaud";
			};
			buildConfigurationList = 88D3BB291632A4F500935CDF /* Build configuration list for PBXProject "iRicardo" */;
			compatibilityVersion = "Xcode 3.2";
			developmentRegion = English;
			hasScannedForEncodings = 0;
			knownRegions = (
				en,
			);
			mainGroup = 88D3BB241632A4F500935CDF;
			productRefGroup = 88D3BB301632A4F600935CDF /* Products */;
			projectDirPath = "";
			projectRoot = "";
			targets = (
				88D3BB2E1632A4F500935CDF /* iRicardo */,
			);
		};
/* End PBXProject section */

/* Begin PBXResourcesBuildPhase section */
		88D3BB2D1632A4F500935CDF /* Resources */ = {
			isa = PBXResourcesBuildPhase;
			buildActionMask = 2147483647;
			files = (
				12580625167BB38400E66C7A /* 8-BIT WONDER.TTF in Resources */,
				88D3BB3E1632A4F600935CDF /* InfoPlist.strings in Resources */,
				88D3BB6C16331D5900935CDF /* jira.png in Resources */,
				88D3BB6D16331D5900935CDF /* jira@2x.png in Resources */,
				88D3BB6E16331D5900935CDF /* logo_jira_blue.png in Resources */,
				3E4BF9351650329900CCE00C /* Default-568h@2x.png in Resources */,
				3EC667641660FE7100974613 /* breakblock.mp3 in Resources */,
				3EC667651660FE7100974613 /* coin.mp3 in Resources */,
				3EC667661660FE7100974613 /* flagpole.mp3 in Resources */,
				3EC667671660FE7100974613 /* gameover.mp3 in Resources */,
				3EC667681660FE7100974613 /* jumpsmall.mp3 in Resources */,
				3EC667691660FE7100974613 /* kick.mp3 in Resources */,
				3EC6676A1660FE7100974613 /* mariodie.mp3 in Resources */,
				3EC6676B1660FE7100974613 /* music.mp3 in Resources */,
				3EC6676C1660FE7100974613 /* pipe.mp3 in Resources */,
				3EC6676D1660FE7100974613 /* stage_clear.mp3 in Resources */,
				3EC6676E1660FE7100974613 /* stomp.mp3 in Resources */,
				3EC6676F1660FE7100974613 /* vine.mp3 in Resources */,
				3EC667701660FE7100974613 /* warning.mp3 in Resources */,
				12864C4C16792CF300277842 /* game_background@2x.png in Resources */,
				1258061B167BA03E00E66C7A /* progress-bg.png in Resources */,
				1258061D167BA04500E66C7A /* progress-bg@2x.png in Resources */,
				1258061F167BA04A00E66C7A /* progress-fill.png in Resources */,
				12580621167BA04E00E66C7A /* progress-fill@2x.png in Resources */,
				1263C99E167BEB06008211B1 /* fanfare.mp3 in Resources */,
				88B3B7CA167C871D000894B9 /* alert-bg@2x.png in Resources */,
				88B3B7CD167C8978000894B9 /* alert-button-normal@2x.png in Resources */,
				88B3B7D1167C8F50000894B9 /* alert-bg.png in Resources */,
				88B3B7D2167C8F50000894B9 /* alert-button-normal.png in Resources */,
				88B3B7D6167C913E000894B9 /* Clip.mov in Resources */,
				88B3B7DC167CC091000894B9 /* howto.png in Resources */,
				88B3B7DD167CC091000894B9 /* howto@2x.png in Resources */,
			);
			runOnlyForDeploymentPostprocessing = 0;
		};
/* End PBXResourcesBuildPhase section */

/* Begin PBXSourcesBuildPhase section */
		88D3BB2B1632A4F500935CDF /* Sources */ = {
			isa = PBXSourcesBuildPhase;
			buildActionMask = 2147483647;
			files = (
				88B3B7C8167C84B3000894B9 /* OKAlertView.m in Sources */,
				88D3BB401632A4F600935CDF /* main.m in Sources */,
				88D3BB511632A55A00935CDF /* OKAppDelegate.m in Sources */,
				88D3BB541632A58300935CDF /* OKUserView.m in Sources */,
				88D3BB571632A5EB00935CDF /* OKUser.m in Sources */,
				88D3BB5A1632A6C800935CDF /* OKTask.m in Sources */,
				88D3BB611632B44F00935CDF /* OKGameProperties.m in Sources */,
				88D3BB641632CD2F00935CDF /* OKGameViewController.m in Sources */,
				88D3BB6716330AD500935CDF /* OKRicView.m in Sources */,
				3EC667731660FE9400974613 /* OKGameSound.m in Sources */,
				88146FF7166B91F3007553FE /* OKMainMenuViewController.m in Sources */,
				88146FFB166BC3B0007553FE /* OKScoresViewController.m in Sources */,
				12580617167BA02B00E66C7A /* OKProgressView.m in Sources */,
				88B3B7D9167C92D6000894B9 /* OKMovieViewController.m in Sources */,
				88B3B7E2167CC0D4000894B9 /* OKHowToViewController.m in Sources */,
			);
			runOnlyForDeploymentPostprocessing = 0;
		};
/* End PBXSourcesBuildPhase section */

/* Begin PBXVariantGroup section */
		88D3BB3C1632A4F600935CDF /* InfoPlist.strings */ = {
			isa = PBXVariantGroup;
			children = (
				88D3BB3D1632A4F600935CDF /* en */,
			);
			name = InfoPlist.strings;
			sourceTree = "<group>";
		};
/* End PBXVariantGroup section */

/* Begin XCBuildConfiguration section */
		88D3BB451632A4F600935CDF /* Debug */ = {
			isa = XCBuildConfiguration;
			buildSettings = {
				ALWAYS_SEARCH_USER_PATHS = NO;
				ARCHS = "$(ARCHS_STANDARD_32_BIT)";
				CLANG_CXX_LANGUAGE_STANDARD = "gnu++0x";
				CLANG_ENABLE_OBJC_ARC = YES;
				CLANG_WARN__DUPLICATE_METHOD_MATCH = YES;
				"CODE_SIGN_IDENTITY[sdk=iphoneos*]" = "iPhone Developer";
				COPY_PHASE_STRIP = NO;
				GCC_C_LANGUAGE_STANDARD = gnu99;
				GCC_DYNAMIC_NO_PIC = NO;
				GCC_OPTIMIZATION_LEVEL = 0;
				GCC_PREPROCESSOR_DEFINITIONS = (
					"DEBUG=1",
					"$(inherited)",
				);
				GCC_SYMBOLS_PRIVATE_EXTERN = NO;
				GCC_VERSION = com.apple.compilers.llvm.clang.1_0;
				GCC_WARN_ABOUT_RETURN_TYPE = YES;
				GCC_WARN_UNINITIALIZED_AUTOS = YES;
				GCC_WARN_UNUSED_VARIABLE = YES;
				IPHONEOS_DEPLOYMENT_TARGET = 5.1;
				SDKROOT = iphoneos;
			};
			name = Debug;
		};
		88D3BB461632A4F600935CDF /* Release */ = {
			isa = XCBuildConfiguration;
			buildSettings = {
				ALWAYS_SEARCH_USER_PATHS = NO;
				ARCHS = "$(ARCHS_STANDARD_32_BIT)";
				CLANG_CXX_LANGUAGE_STANDARD = "gnu++0x";
				CLANG_ENABLE_OBJC_ARC = YES;
				CLANG_WARN__DUPLICATE_METHOD_MATCH = YES;
				"CODE_SIGN_IDENTITY[sdk=iphoneos*]" = "iPhone Developer";
				COPY_PHASE_STRIP = YES;
				GCC_C_LANGUAGE_STANDARD = gnu99;
				GCC_VERSION = com.apple.compilers.llvm.clang.1_0;
				GCC_WARN_ABOUT_RETURN_TYPE = YES;
				GCC_WARN_UNINITIALIZED_AUTOS = YES;
				GCC_WARN_UNUSED_VARIABLE = YES;
				IPHONEOS_DEPLOYMENT_TARGET = 5.1;
				OTHER_CFLAGS = "-DNS_BLOCK_ASSERTIONS=1";
				SDKROOT = iphoneos;
				VALIDATE_PRODUCT = YES;
			};
			name = Release;
		};
		88D3BB481632A4F600935CDF /* Debug */ = {
			isa = XCBuildConfiguration;
			buildSettings = {
				GCC_PRECOMPILE_PREFIX_HEADER = YES;
				GCC_PREFIX_HEADER = "iRicardo/iRicardo-Prefix.pch";
				INFOPLIST_FILE = "iRicardo/iRicardo-Info.plist";
				PRODUCT_NAME = "$(TARGET_NAME)";
				WRAPPER_EXTENSION = app;
			};
			name = Debug;
		};
		88D3BB491632A4F600935CDF /* Release */ = {
			isa = XCBuildConfiguration;
			buildSettings = {
				GCC_PRECOMPILE_PREFIX_HEADER = YES;
				GCC_PREFIX_HEADER = "iRicardo/iRicardo-Prefix.pch";
				INFOPLIST_FILE = "iRicardo/iRicardo-Info.plist";
				PRODUCT_NAME = "$(TARGET_NAME)";
				WRAPPER_EXTENSION = app;
			};
			name = Release;
		};
/* End XCBuildConfiguration section */

/* Begin XCConfigurationList section */
		88D3BB291632A4F500935CDF /* Build configuration list for PBXProject "iRicardo" */ = {
			isa = XCConfigurationList;
			buildConfigurations = (
				88D3BB451632A4F600935CDF /* Debug */,
				88D3BB461632A4F600935CDF /* Release */,
			);
			defaultConfigurationIsVisible = 0;
			defaultConfigurationName = Release;
		};
		88D3BB471632A4F600935CDF /* Build configuration list for PBXNativeTarget "iRicardo" */ = {
			isa = XCConfigurationList;
			buildConfigurations = (
				88D3BB481632A4F600935CDF /* Debug */,
				88D3BB491632A4F600935CDF /* Release */,
			);
			defaultConfigurationIsVisible = 0;
			defaultConfigurationName = Release;
		};
/* End XCConfigurationList section */
	};
	rootObject = 88D3BB261632A4F500935CDF /* Project object */;
}
